
Microsoft Visual Studio Solution File, Format Version 12.00
# Visual Studio 15
VisualStudioVersion = 15.0.26228.4
MinimumVisualStudioVersion = 10.0.40219.1
Project("{FAE04EC0-301F-11D3-BF4B-00C04F79EFBC}") = "SGBank.UI", "SGBank.UI\SGBank.UI.csproj", "{259B5DE9-FAC0-43BF-B059-7F55BFB3F6EB}"
EndProject
Project("{FAE04EC0-301F-11D3-BF4B-00C04F79EFBC}") = "SGBank.Models", "SGBank.Models\SGBank.Models.csproj", "{38031E61-21CC-47E0-BEE7-1BA49A398123}"
EndProject
Project("{FAE04EC0-301F-11D3-BF4B-00C04F79EFBC}") = "SGBank.BLL", "SGBank.BLL\SGBank.BLL.csproj", "{C10EA53E-75D9-4BF5-A79B-30CB9F67BF8B}"
EndProject
Project("{FAE04EC0-301F-11D3-BF4B-00C04F79EFBC}") = "SGBank.Data", "SGBank.Data\SGBank.Data.csproj", "{4601F06B-A9E5-4774-A4C4-AA5E80DC272A}"
EndProject
Project("{FAE04EC0-301F-11D3-BF4B-00C04F79EFBC}") = "SGBank.Tests", "SGBank.Tests\SGBank.Tests.csproj", "{BEEB77AD-DE89-4215-B231-22A5D7AB0C66}"
EndProject
Global
	GlobalSection(SolutionConfigurationPlatforms) = preSolution
		Debug|Any CPU = Debug|Any CPU
		Release|Any CPU = Release|Any CPU
	EndGlobalSection
	GlobalSection(ProjectConfigurationPlatforms) = postSolution
		{259B5DE9-FAC0-43BF-B059-7F55BFB3F6EB}.Debug|Any CPU.ActiveCfg = Debug|Any CPU
		{259B5DE9-FAC0-43BF-B059-7F55BFB3F6EB}.Debug|Any CPU.Build.0 = Debug|Any CPU
		{259B5DE9-FAC0-43BF-B059-7F55BFB3F6EB}.Release|Any CPU.ActiveCfg = Release|Any CPU
		{259B5DE9-FAC0-43BF-B059-7F55BFB3F6EB}.Release|Any CPU.Build.0 = Release|Any CPU
		{38031E61-21CC-47E0-BEE7-1BA49A398123}.Debug|Any CPU.ActiveCfg = Debug|Any CPU
		{38031E61-21CC-47E0-BEE7-1BA49A398123}.Debug|Any CPU.Build.0 = Debug|Any CPU
		{38031E61-21CC-47E0-BEE7-1BA49A398123}.Release|Any CPU.ActiveCfg = Release|Any CPU
		{38031E61-21CC-47E0-BEE7-1BA49A398123}.Release|Any CPU.Build.0 = Release|Any CPU
		{C10EA53E-75D9-4BF5-A79B-30CB9F67BF8B}.Debug|Any CPU.ActiveCfg = Debug|Any CPU
		{C10EA53E-75D9-4BF5-A79B-30CB9F67BF8B}.Debug|Any CPU.Build.0 = Debug|Any CPU
		{C10EA53E-75D9-4BF5-A79B-30CB9F67BF8B}.Release|Any CPU.ActiveCfg = Release|Any CPU
		{C10EA53E-75D9-4BF5-A79B-30CB9F67BF8B}.Release|Any CPU.Build.0 = Release|Any CPU
		{4601F06B-A9E5-4774-A4C4-AA5E80DC272A}.Debug|Any CPU.ActiveCfg = Debug|Any CPU
		{4601F06B-A9E5-4774-A4C4-AA5E80DC272A}.Debug|Any CPU.Build.0 = Debug|Any CPU
		{4601F06B-A9E5-4774-A4C4-AA5E80DC272A}.Release|Any CPU.ActiveCfg = Release|Any CPU
		{4601F06B-A9E5-4774-A4C4-AA5E80DC272A}.Release|Any CPU.Build.0 = Release|Any CPU
		{BEEB77AD-DE89-4215-B231-22A5D7AB0C66}.Debug|Any CPU.ActiveCfg = Debug|Any CPU
		{BEEB77AD-DE89-4215-B231-22A5D7AB0C66}.Debug|Any CPU.Build.0 = Debug|Any CPU
		{BEEB77AD-DE89-4215-B231-22A5D7AB0C66}.Release|Any CPU.ActiveCfg = Release|Any CPU
		{BEEB77AD-DE89-4215-B231-22A5D7AB0C66}.Release|Any CPU.Build.0 = Release|Any CPU
	EndGlobalSection
	GlobalSection(SolutionProperties) = preSolution
		HideSolutionNode = FALSE
	EndGlobalSection
EndGlobal
